
Microsoft Visual Studio Solution File, Format Version 12.00
# Visual Studio 15
VisualStudioVersion = 15.0.26430.15
MinimumVisualStudioVersion = 10.0.40219.1
Project("{FAE04EC0-301F-11D3-BF4B-00C04F79EFBC}") = "FileBackupWinServ", "FileBackupWinServ\FileBackupWinServ.csproj", "{94BA978B-BC62-4B01-BAC2-DB05D79C86A2}"
EndProject
Project("{FAE04EC0-301F-11D3-BF4B-00C04F79EFBC}") = "FileBackup", "..\..\..\..\Source\Repos\file-backup\FileBackup\FileBackup.csproj", "{05F9E459-4342-40C6-B1AD-2BA4D7B60A26}"
EndProject
Global
	GlobalSection(SolutionConfigurationPlatforms) = preSolution
		Debug|Any CPU = Debug|Any CPU
		Release|Any CPU = Release|Any CPU
	EndGlobalSection
	GlobalSection(ProjectConfigurationPlatforms) = postSolution
		{94BA978B-BC62-4B01-BAC2-DB05D79C86A2}.Debug|Any CPU.ActiveCfg = Debug|Any CPU
		{94BA978B-BC62-4B01-BAC2-DB05D79C86A2}.Debug|Any CPU.Build.0 = Debug|Any CPU
		{94BA978B-BC62-4B01-BAC2-DB05D79C86A2}.Release|Any CPU.ActiveCfg = Release|Any CPU
		{94BA978B-BC62-4B01-BAC2-DB05D79C86A2}.Release|Any CPU.Build.0 = Release|Any CPU
		{05F9E459-4342-40C6-B1AD-2BA4D7B60A26}.Debug|Any CPU.ActiveCfg = Debug|Any CPU
		{05F9E459-4342-40C6-B1AD-2BA4D7B60A26}.Debug|Any CPU.Build.0 = Debug|Any CPU
		{05F9E459-4342-40C6-B1AD-2BA4D7B60A26}.Release|Any CPU.ActiveCfg = Release|Any CPU
		{05F9E459-4342-40C6-B1AD-2BA4D7B60A26}.Release|Any CPU.Build.0 = Release|Any CPU
	EndGlobalSection
	GlobalSection(SolutionProperties) = preSolution
		HideSolutionNode = FALSE
	EndGlobalSection
EndGlobal
